
Microsoft Visual Studio Solution File, Format Version 12.00
# Visual Studio Version 17
VisualStudioVersion = 17.0.31903.59
MinimumVisualStudioVersion = 10.0.40219.1
Project("{2150E333-8FDC-42A3-9474-1A3956D46DE8}") = "src", "src", "{4E1FFFD1-343D-4FC0-96A8-CFFCEF17F0DA}"
EndProject
Project("{2150E333-8FDC-42A3-9474-1A3956D46DE8}") = "services", "services", "{FCAC5556-86BD-4607-9BF4-11B6C749CEF4}"
EndProject
Project("{2150E333-8FDC-42A3-9474-1A3956D46DE8}") = "apiGateways", "apiGateways", "{052915F4-B37C-4624-B87D-E8811C01237B}"
EndProject
Project("{2150E333-8FDC-42A3-9474-1A3956D46DE8}") = "building-blocks", "building-blocks", "{C11A5C1E-5233-47D1-8F75-DFC903F7FAD2}"
EndProject
Project("{2150E333-8FDC-42A3-9474-1A3956D46DE8}") = "web", "web", "{9731081E-7691-4B5E-A36F-32789EADF695}"
EndProject
Project("{9A19103F-16F7-4668-BE54-9A1E7A4F7556}") = "ProjetoAnime.KitsuGateway.API", "src\apiGateways\ProjetoAnime.KitsuGateway.API\ProjetoAnime.KitsuGateway.API.csproj", "{FC30AA72-8E80-46E2-B22E-3F005B843384}"
EndProject
Project("{9A19103F-16F7-4668-BE54-9A1E7A4F7556}") = "ProjetoAnime.Core", "src\building-blocks\ProjetoAnime.Core\ProjetoAnime.Core.csproj", "{8C193BBF-BC30-44CB-B6FF-286B8564C58F}"
EndProject
Project("{2150E333-8FDC-42A3-9474-1A3956D46DE8}") = "Anime", "Anime", "{C1913EFE-4640-4F65-8673-F1B26E0783AE}"
EndProject
Project("{2150E333-8FDC-42A3-9474-1A3956D46DE8}") = "Manga", "Manga", "{F7135C53-C5DD-4A7A-9B28-E1449E5632D7}"
EndProject
Project("{9A19103F-16F7-4668-BE54-9A1E7A4F7556}") = "ProjetoAnime.Anime.API", "src\services\ProjetoAnime.Anime.API\ProjetoAnime.Anime.API.csproj", "{3F3B86E3-38B4-4775-A24A-95572250F521}"
EndProject
Project("{9A19103F-16F7-4668-BE54-9A1E7A4F7556}") = "ProjetoAnime.Manga.API", "src\services\ProjetoAnime.Manga.API\ProjetoAnime.Manga.API.csproj", "{9CF52976-68CF-4F84-9603-95C2E62BC286}"
EndProject
Project("{2150E333-8FDC-42A3-9474-1A3956D46DE8}") = "Identidade", "Identidade", "{A67FD1DF-1423-48A6-8A2B-3704112A11B5}"
EndProject
Project("{9A19103F-16F7-4668-BE54-9A1E7A4F7556}") = "ProjetoAnime.Identidade.API", "src\services\ProjetoAnime.Identidade.API\ProjetoAnime.Identidade.API.csproj", "{4781108E-C6EC-4DC0-9206-5BEB566D88EB}"
EndProject
Project("{9A19103F-16F7-4668-BE54-9A1E7A4F7556}") = "ProjetoAnime.Core.API", "src\building-blocks\ProjetoAnime.Core.API\ProjetoAnime.Core.API.csproj", "{20B16DC2-76DF-4D24-9EE2-2F2734AD40CD}"
EndProject
Project("{9A19103F-16F7-4668-BE54-9A1E7A4F7556}") = "ProjetoAnime.Webapp.MVC", "src\web\ProjetoAnime.Webapp.MVC\ProjetoAnime.Webapp.MVC.csproj", "{52CFEAED-8D3B-483A-9CE6-E4E9F36C502F}"
EndProject
Project("{2150E333-8FDC-42A3-9474-1A3956D46DE8}") = "tests", "tests", "{85A2FD14-C201-479E-9BCD-B773135CCBEB}"
EndProject
Project("{FAE04EC0-301F-11D3-BF4B-00C04F79EFBC}") = "Architecture.Test", "Architecture.Test\Architecture.Test.csproj", "{397873F0-A6E3-407C-AB5E-CCBE2353A8E0}"
EndProject
Global
	GlobalSection(SolutionConfigurationPlatforms) = preSolution
		Debug|Any CPU = Debug|Any CPU
		Release|Any CPU = Release|Any CPU
	EndGlobalSection
	GlobalSection(ProjectConfigurationPlatforms) = postSolution
		{FC30AA72-8E80-46E2-B22E-3F005B843384}.Debug|Any CPU.ActiveCfg = Debug|Any CPU
		{FC30AA72-8E80-46E2-B22E-3F005B843384}.Debug|Any CPU.Build.0 = Debug|Any CPU
		{FC30AA72-8E80-46E2-B22E-3F005B843384}.Release|Any CPU.ActiveCfg = Release|Any CPU
		{FC30AA72-8E80-46E2-B22E-3F005B843384}.Release|Any CPU.Build.0 = Release|Any CPU
		{8C193BBF-BC30-44CB-B6FF-286B8564C58F}.Debug|Any CPU.ActiveCfg = Debug|Any CPU
		{8C193BBF-BC30-44CB-B6FF-286B8564C58F}.Debug|Any CPU.Build.0 = Debug|Any CPU
		{8C193BBF-BC30-44CB-B6FF-286B8564C58F}.Release|Any CPU.ActiveCfg = Release|Any CPU
		{8C193BBF-BC30-44CB-B6FF-286B8564C58F}.Release|Any CPU.Build.0 = Release|Any CPU
		{3F3B86E3-38B4-4775-A24A-95572250F521}.Debug|Any CPU.ActiveCfg = Debug|Any CPU
		{3F3B86E3-38B4-4775-A24A-95572250F521}.Debug|Any CPU.Build.0 = Debug|Any CPU
		{3F3B86E3-38B4-4775-A24A-95572250F521}.Release|Any CPU.ActiveCfg = Release|Any CPU
		{3F3B86E3-38B4-4775-A24A-95572250F521}.Release|Any CPU.Build.0 = Release|Any CPU
		{9CF52976-68CF-4F84-9603-95C2E62BC286}.Debug|Any CPU.ActiveCfg = Debug|Any CPU
		{9CF52976-68CF-4F84-9603-95C2E62BC286}.Debug|Any CPU.Build.0 = Debug|Any CPU
		{9CF52976-68CF-4F84-9603-95C2E62BC286}.Release|Any CPU.ActiveCfg = Release|Any CPU
		{9CF52976-68CF-4F84-9603-95C2E62BC286}.Release|Any CPU.Build.0 = Release|Any CPU
		{4781108E-C6EC-4DC0-9206-5BEB566D88EB}.Debug|Any CPU.ActiveCfg = Debug|Any CPU
		{4781108E-C6EC-4DC0-9206-5BEB566D88EB}.Debug|Any CPU.Build.0 = Debug|Any CPU
		{4781108E-C6EC-4DC0-9206-5BEB566D88EB}.Release|Any CPU.ActiveCfg = Release|Any CPU
		{4781108E-C6EC-4DC0-9206-5BEB566D88EB}.Release|Any CPU.Build.0 = Release|Any CPU
		{20B16DC2-76DF-4D24-9EE2-2F2734AD40CD}.Debug|Any CPU.ActiveCfg = Debug|Any CPU
		{20B16DC2-76DF-4D24-9EE2-2F2734AD40CD}.Debug|Any CPU.Build.0 = Debug|Any CPU
		{20B16DC2-76DF-4D24-9EE2-2F2734AD40CD}.Release|Any CPU.ActiveCfg = Release|Any CPU
		{20B16DC2-76DF-4D24-9EE2-2F2734AD40CD}.Release|Any CPU.Build.0 = Release|Any CPU
		{52CFEAED-8D3B-483A-9CE6-E4E9F36C502F}.Debug|Any CPU.ActiveCfg = Debug|Any CPU
		{52CFEAED-8D3B-483A-9CE6-E4E9F36C502F}.Debug|Any CPU.Build.0 = Debug|Any CPU
		{52CFEAED-8D3B-483A-9CE6-E4E9F36C502F}.Release|Any CPU.ActiveCfg = Release|Any CPU
		{52CFEAED-8D3B-483A-9CE6-E4E9F36C502F}.Release|Any CPU.Build.0 = Release|Any CPU
		{397873F0-A6E3-407C-AB5E-CCBE2353A8E0}.Debug|Any CPU.ActiveCfg = Debug|Any CPU
		{397873F0-A6E3-407C-AB5E-CCBE2353A8E0}.Debug|Any CPU.Build.0 = Debug|Any CPU
		{397873F0-A6E3-407C-AB5E-CCBE2353A8E0}.Release|Any CPU.ActiveCfg = Release|Any CPU
		{397873F0-A6E3-407C-AB5E-CCBE2353A8E0}.Release|Any CPU.Build.0 = Release|Any CPU
	EndGlobalSection
	GlobalSection(SolutionProperties) = preSolution
		HideSolutionNode = FALSE
	EndGlobalSection
	GlobalSection(NestedProjects) = preSolution
		{FCAC5556-86BD-4607-9BF4-11B6C749CEF4} = {4E1FFFD1-343D-4FC0-96A8-CFFCEF17F0DA}
		{052915F4-B37C-4624-B87D-E8811C01237B} = {4E1FFFD1-343D-4FC0-96A8-CFFCEF17F0DA}
		{C11A5C1E-5233-47D1-8F75-DFC903F7FAD2} = {4E1FFFD1-343D-4FC0-96A8-CFFCEF17F0DA}
		{9731081E-7691-4B5E-A36F-32789EADF695} = {4E1FFFD1-343D-4FC0-96A8-CFFCEF17F0DA}
		{FC30AA72-8E80-46E2-B22E-3F005B843384} = {052915F4-B37C-4624-B87D-E8811C01237B}
		{8C193BBF-BC30-44CB-B6FF-286B8564C58F} = {C11A5C1E-5233-47D1-8F75-DFC903F7FAD2}
		{C1913EFE-4640-4F65-8673-F1B26E0783AE} = {FCAC5556-86BD-4607-9BF4-11B6C749CEF4}
		{F7135C53-C5DD-4A7A-9B28-E1449E5632D7} = {FCAC5556-86BD-4607-9BF4-11B6C749CEF4}
		{3F3B86E3-38B4-4775-A24A-95572250F521} = {C1913EFE-4640-4F65-8673-F1B26E0783AE}
		{9CF52976-68CF-4F84-9603-95C2E62BC286} = {F7135C53-C5DD-4A7A-9B28-E1449E5632D7}
		{A67FD1DF-1423-48A6-8A2B-3704112A11B5} = {FCAC5556-86BD-4607-9BF4-11B6C749CEF4}
		{4781108E-C6EC-4DC0-9206-5BEB566D88EB} = {A67FD1DF-1423-48A6-8A2B-3704112A11B5}
		{20B16DC2-76DF-4D24-9EE2-2F2734AD40CD} = {C11A5C1E-5233-47D1-8F75-DFC903F7FAD2}
		{52CFEAED-8D3B-483A-9CE6-E4E9F36C502F} = {9731081E-7691-4B5E-A36F-32789EADF695}
		{85A2FD14-C201-479E-9BCD-B773135CCBEB} = {4E1FFFD1-343D-4FC0-96A8-CFFCEF17F0DA}
		{397873F0-A6E3-407C-AB5E-CCBE2353A8E0} = {85A2FD14-C201-479E-9BCD-B773135CCBEB}
	EndGlobalSection
	GlobalSection(ExtensibilityGlobals) = postSolution
		SolutionGuid = {2BADEC80-662A-4455-B030-E94B43B03062}
	EndGlobalSection
EndGlobal
