
Microsoft Visual Studio Solution File, Format Version 12.00
# Visual Studio Version 17
VisualStudioVersion = 17.2.32516.85
MinimumVisualStudioVersion = 10.0.40219.1
Project("{FAE04EC0-301F-11D3-BF4B-00C04F79EFBC}") = "Send", "Send\Send.csproj", "{1A3B7CF2-860C-4318-B701-F539CD7DE368}"
EndProject
Project("{FAE04EC0-301F-11D3-BF4B-00C04F79EFBC}") = "Receive", "Receive\Receive.csproj", "{3DD98FCC-C152-43BD-B47B-A6B4ED95ED22}"
EndProject
Global
	GlobalSection(SolutionConfigurationPlatforms) = preSolution
		Debug|Any CPU = Debug|Any CPU
		Release|Any CPU = Release|Any CPU
	EndGlobalSection
	GlobalSection(ProjectConfigurationPlatforms) = postSolution
		{1A3B7CF2-860C-4318-B701-F539CD7DE368}.Debug|Any CPU.ActiveCfg = Debug|Any CPU
		{1A3B7CF2-860C-4318-B701-F539CD7DE368}.Debug|Any CPU.Build.0 = Debug|Any CPU
		{1A3B7CF2-860C-4318-B701-F539CD7DE368}.Release|Any CPU.ActiveCfg = Release|Any CPU
		{1A3B7CF2-860C-4318-B701-F539CD7DE368}.Release|Any CPU.Build.0 = Release|Any CPU
		{3DD98FCC-C152-43BD-B47B-A6B4ED95ED22}.Debug|Any CPU.ActiveCfg = Debug|Any CPU
		{3DD98FCC-C152-43BD-B47B-A6B4ED95ED22}.Debug|Any CPU.Build.0 = Debug|Any CPU
		{3DD98FCC-C152-43BD-B47B-A6B4ED95ED22}.Release|Any CPU.ActiveCfg = Release|Any CPU
		{3DD98FCC-C152-43BD-B47B-A6B4ED95ED22}.Release|Any CPU.Build.0 = Release|Any CPU
	EndGlobalSection
	GlobalSection(SolutionProperties) = preSolution
		HideSolutionNode = FALSE
	EndGlobalSection
	GlobalSection(ExtensibilityGlobals) = postSolution
		SolutionGuid = {C2FDC38E-4750-4F04-A6E1-23C614AF1A64}
	EndGlobalSection
EndGlobal
